Microsoft Visual Studio Solution File, Format Version 11.00
# Visual Studio 2008

Project("{E9DD3ABF-2F2A-F1E6-AFFF-D1D705D5303B}") = "Jolternauts 11-5-16", "Assembly-CSharp-firstpass.csproj", "{3DC17025-28C2-D101-56DC-B6D3B2BD3A18}"
EndProject
Project("{E9DD3ABF-2F2A-F1E6-AFFF-D1D705D5303B}") = "Jolternauts 11-5-16", "Assembly-CSharp.csproj", "{44E61D42-2BBA-A1CD-4885-F1CC4B15E244}"
EndProject
Project("{E9DD3ABF-2F2A-F1E6-AFFF-D1D705D5303B}") = "Jolternauts 11-5-16", "Assembly-CSharp-Editor.csproj", "{BDE242F1-BC37-DB34-072D-FBB1B0A3E3D9}"
EndProject
Global
	GlobalSection(SolutionConfigurationPlatforms) = preSolution
		Debug|Any CPU = Debug|Any CPU
		Release|Any CPU = Release|Any CPU
	EndGlobalSection
	GlobalSection(ProjectConfigurationPlatforms) = postSolution
		{3DC17025-28C2-D101-56DC-B6D3B2BD3A18}.Debug|Any CPU.ActiveCfg = Debug|Any CPU
		{3DC17025-28C2-D101-56DC-B6D3B2BD3A18}.Debug|Any CPU.Build.0 = Debug|Any CPU
		{3DC17025-28C2-D101-56DC-B6D3B2BD3A18}.Release|Any CPU.ActiveCfg = Release|Any CPU
		{3DC17025-28C2-D101-56DC-B6D3B2BD3A18}.Release|Any CPU.Build.0 = Release|Any CPU
		{44E61D42-2BBA-A1CD-4885-F1CC4B15E244}.Debug|Any CPU.ActiveCfg = Debug|Any CPU
		{44E61D42-2BBA-A1CD-4885-F1CC4B15E244}.Debug|Any CPU.Build.0 = Debug|Any CPU
		{44E61D42-2BBA-A1CD-4885-F1CC4B15E244}.Release|Any CPU.ActiveCfg = Release|Any CPU
		{44E61D42-2BBA-A1CD-4885-F1CC4B15E244}.Release|Any CPU.Build.0 = Release|Any CPU
		{BDE242F1-BC37-DB34-072D-FBB1B0A3E3D9}.Debug|Any CPU.ActiveCfg = Debug|Any CPU
		{BDE242F1-BC37-DB34-072D-FBB1B0A3E3D9}.Debug|Any CPU.Build.0 = Debug|Any CPU
		{BDE242F1-BC37-DB34-072D-FBB1B0A3E3D9}.Release|Any CPU.ActiveCfg = Release|Any CPU
		{BDE242F1-BC37-DB34-072D-FBB1B0A3E3D9}.Release|Any CPU.Build.0 = Release|Any CPU
	EndGlobalSection
	GlobalSection(SolutionProperties) = preSolution
		HideSolutionNode = FALSE
	EndGlobalSection
	GlobalSection(MonoDevelopProperties) = preSolution
		StartupItem = Assembly-CSharp.csproj
	EndGlobalSection
EndGlobal
