Microsoft Visual Studio Solution File, Format Version 11.00
# Visual Studio 2008

Project("{3179A24A-3FC7-CB5E-B35F-D167601685C8}") = "Jolternauts 1-5-16", "Assembly-CSharp-firstpass.csproj", "{32FC3171-AE42-2AC2-1742-423CAF91E3EF}"
EndProject
Project("{3179A24A-3FC7-CB5E-B35F-D167601685C8}") = "Jolternauts 1-5-16", "Assembly-CSharp.csproj", "{41364FF1-5CD4-153E-E562-A8A758D119F1}"
EndProject
Project("{3179A24A-3FC7-CB5E-B35F-D167601685C8}") = "Jolternauts 1-5-16", "Assembly-CSharp-Editor.csproj", "{AC0C414D-36E0-1A79-705C-D19F1119E697}"
EndProject
Global
	GlobalSection(SolutionConfigurationPlatforms) = preSolution
		Debug|Any CPU = Debug|Any CPU
		Release|Any CPU = Release|Any CPU
	EndGlobalSection
	GlobalSection(ProjectConfigurationPlatforms) = postSolution
		{32FC3171-AE42-2AC2-1742-423CAF91E3EF}.Debug|Any CPU.ActiveCfg = Debug|Any CPU
		{32FC3171-AE42-2AC2-1742-423CAF91E3EF}.Debug|Any CPU.Build.0 = Debug|Any CPU
		{32FC3171-AE42-2AC2-1742-423CAF91E3EF}.Release|Any CPU.ActiveCfg = Release|Any CPU
		{32FC3171-AE42-2AC2-1742-423CAF91E3EF}.Release|Any CPU.Build.0 = Release|Any CPU
		{41364FF1-5CD4-153E-E562-A8A758D119F1}.Debug|Any CPU.ActiveCfg = Debug|Any CPU
		{41364FF1-5CD4-153E-E562-A8A758D119F1}.Debug|Any CPU.Build.0 = Debug|Any CPU
		{41364FF1-5CD4-153E-E562-A8A758D119F1}.Release|Any CPU.ActiveCfg = Release|Any CPU
		{41364FF1-5CD4-153E-E562-A8A758D119F1}.Release|Any CPU.Build.0 = Release|Any CPU
		{AC0C414D-36E0-1A79-705C-D19F1119E697}.Debug|Any CPU.ActiveCfg = Debug|Any CPU
		{AC0C414D-36E0-1A79-705C-D19F1119E697}.Debug|Any CPU.Build.0 = Debug|Any CPU
		{AC0C414D-36E0-1A79-705C-D19F1119E697}.Release|Any CPU.ActiveCfg = Release|Any CPU
		{AC0C414D-36E0-1A79-705C-D19F1119E697}.Release|Any CPU.Build.0 = Release|Any CPU
	EndGlobalSection
	GlobalSection(SolutionProperties) = preSolution
		HideSolutionNode = FALSE
	EndGlobalSection
	GlobalSection(MonoDevelopProperties) = preSolution
		StartupItem = Assembly-CSharp.csproj
	EndGlobalSection
EndGlobal
